
Microsoft Visual Studio Solution File, Format Version 12.00
# Visual Studio Version 17
VisualStudioVersion = 17.10.34916.146
MinimumVisualStudioVersion = 10.0.40219.1
Project("{FAE04EC0-301F-11D3-BF4B-00C04F79EFBC}") = "CoreService", "CoreService.csproj", "{CD7270D0-BC8F-4C7E-A255-7B030D530CBF}"
EndProject
Project("{FAE04EC0-301F-11D3-BF4B-00C04F79EFBC}") = "RealTimeUnit", "..\RealTimeUnit\RealTimeUnit.csproj", "{F7731D7E-8C9E-4A22-9B34-1C326EF78528}"
EndProject
Project("{FAE04EC0-301F-11D3-BF4B-00C04F79EFBC}") = "DatabaseManager", "..\DatabaseManager\DatabaseManager.csproj", "{71E6B2E6-F14C-4B44-9977-D26FF348A758}"
EndProject
Project("{FAE04EC0-301F-11D3-BF4B-00C04F79EFBC}") = "AlarmDisplay", "..\AlarmDisplay\AlarmDisplay.csproj", "{D40DDBFA-D3DB-48BB-A547-D15D4F7C2F2B}"
EndProject
Project("{FAE04EC0-301F-11D3-BF4B-00C04F79EFBC}") = "ReportManager", "..\ReportManager\ReportManager.csproj", "{70691714-2C21-489B-9493-5C7CE4D66481}"
EndProject
Project("{FAE04EC0-301F-11D3-BF4B-00C04F79EFBC}") = "Trending", "..\Trending\Trending.csproj", "{7887E31D-A7B5-4729-AE34-7A60EFB19337}"
EndProject
Global
	GlobalSection(SolutionConfigurationPlatforms) = preSolution
		Debug|Any CPU = Debug|Any CPU
		Release|Any CPU = Release|Any CPU
	EndGlobalSection
	GlobalSection(ProjectConfigurationPlatforms) = postSolution
		{CD7270D0-BC8F-4C7E-A255-7B030D530CBF}.Debug|Any CPU.ActiveCfg = Debug|Any CPU
		{CD7270D0-BC8F-4C7E-A255-7B030D530CBF}.Debug|Any CPU.Build.0 = Debug|Any CPU
		{CD7270D0-BC8F-4C7E-A255-7B030D530CBF}.Release|Any CPU.ActiveCfg = Release|Any CPU
		{CD7270D0-BC8F-4C7E-A255-7B030D530CBF}.Release|Any CPU.Build.0 = Release|Any CPU
		{F7731D7E-8C9E-4A22-9B34-1C326EF78528}.Debug|Any CPU.ActiveCfg = Debug|Any CPU
		{F7731D7E-8C9E-4A22-9B34-1C326EF78528}.Debug|Any CPU.Build.0 = Debug|Any CPU
		{F7731D7E-8C9E-4A22-9B34-1C326EF78528}.Release|Any CPU.ActiveCfg = Release|Any CPU
		{F7731D7E-8C9E-4A22-9B34-1C326EF78528}.Release|Any CPU.Build.0 = Release|Any CPU
		{71E6B2E6-F14C-4B44-9977-D26FF348A758}.Debug|Any CPU.ActiveCfg = Debug|Any CPU
		{71E6B2E6-F14C-4B44-9977-D26FF348A758}.Debug|Any CPU.Build.0 = Debug|Any CPU
		{71E6B2E6-F14C-4B44-9977-D26FF348A758}.Release|Any CPU.ActiveCfg = Release|Any CPU
		{71E6B2E6-F14C-4B44-9977-D26FF348A758}.Release|Any CPU.Build.0 = Release|Any CPU
		{D40DDBFA-D3DB-48BB-A547-D15D4F7C2F2B}.Debug|Any CPU.ActiveCfg = Debug|Any CPU
		{D40DDBFA-D3DB-48BB-A547-D15D4F7C2F2B}.Debug|Any CPU.Build.0 = Debug|Any CPU
		{D40DDBFA-D3DB-48BB-A547-D15D4F7C2F2B}.Release|Any CPU.ActiveCfg = Release|Any CPU
		{D40DDBFA-D3DB-48BB-A547-D15D4F7C2F2B}.Release|Any CPU.Build.0 = Release|Any CPU
		{70691714-2C21-489B-9493-5C7CE4D66481}.Debug|Any CPU.ActiveCfg = Debug|Any CPU
		{70691714-2C21-489B-9493-5C7CE4D66481}.Debug|Any CPU.Build.0 = Debug|Any CPU
		{70691714-2C21-489B-9493-5C7CE4D66481}.Release|Any CPU.ActiveCfg = Release|Any CPU
		{70691714-2C21-489B-9493-5C7CE4D66481}.Release|Any CPU.Build.0 = Release|Any CPU
		{7887E31D-A7B5-4729-AE34-7A60EFB19337}.Debug|Any CPU.ActiveCfg = Debug|Any CPU
		{7887E31D-A7B5-4729-AE34-7A60EFB19337}.Debug|Any CPU.Build.0 = Debug|Any CPU
		{7887E31D-A7B5-4729-AE34-7A60EFB19337}.Release|Any CPU.ActiveCfg = Release|Any CPU
		{7887E31D-A7B5-4729-AE34-7A60EFB19337}.Release|Any CPU.Build.0 = Release|Any CPU
	EndGlobalSection
	GlobalSection(SolutionProperties) = preSolution
		HideSolutionNode = FALSE
	EndGlobalSection
	GlobalSection(ExtensibilityGlobals) = postSolution
		SolutionGuid = {B1EA2B0E-D877-4804-87B6-15DC19F248B2}
	EndGlobalSection
EndGlobal
